// !$*UTF8*$!
{
	archiveVersion = 1;
	classes = {
	};
	objectVersion = 55;
	objects = {

/* Begin PBXBuildFile section */
		360AA70C27F64656007E045C /* AppDelegate.swift in Sources */ = {isa = PBXBuildFile; fileRef = 360AA70B27F64656007E045C /* AppDelegate.swift */; };
		360AA70E27F64656007E045C /* SceneDelegate.swift in Sources */ = {isa = PBXBuildFile; fileRef = 360AA70D27F64656007E045C /* SceneDelegate.swift */; };
		360AA71027F64656007E045C /* ViewController.swift in Sources */ = {isa = PBXBuildFile; fileRef = 360AA70F27F64656007E045C /* ViewController.swift */; };
		360AA71327F64656007E045C /* Main.storyboard in Resources */ = {isa = PBXBuildFile; fileRef = 360AA71127F64656007E045C /* Main.storyboard */; };
		360AA71627F64656007E045C /* MAD_Ind04_karjikar_abdulla.xcdatamodeld in Sources */ = {isa = PBXBuildFile; fileRef = 360AA71427F64656007E045C /* MAD_Ind04_karjikar_abdulla.xcdatamodeld */; };
		360AA71827F64657007E045C /* Assets.xcassets in Resources */ = {isa = PBXBuildFile; fileRef = 360AA71727F64657007E045C /* Assets.xcassets */; };
		360AA71B27F64657007E045C /* LaunchScreen.storyboard in Resources */ = {isa = PBXBuildFile; fileRef = 360AA71927F64657007E045C /* LaunchScreen.storyboard */; };
/* End PBXBuildFile section */

/* Begin PBXFileReference section */
		360AA70827F64656007E045C /* MAD_Ind04_karjikar_abdulla.app */ = {isa = PBXFileReference; explicitFileType = wrapper.application; includeInIndex = 0; path = MAD_Ind04_karjikar_abdulla.app; sourceTree = BUILT_PRODUCTS_DIR; };
		360AA70B27F64656007E045C /* AppDelegate.swift */ = {isa = PBXFileReference; lastKnownFileType = sourcecode.swift; path = AppDelegate.swift; sourceTree = "<group>"; };
		360AA70D27F64656007E045C /* SceneDelegate.swift */ = {isa = PBXFileReference; lastKnownFileType = sourcecode.swift; path = SceneDelegate.swift; sourceTree = "<group>"; };
		360AA70F27F64656007E045C /* ViewController.swift */ = {isa = PBXFileReference; lastKnownFileType = sourcecode.swift; path = ViewController.swift; sourceTree = "<group>"; };
		360AA71227F64656007E045C /* Base */ = {isa = PBXFileReference; lastKnownFileType = file.storyboard; name = Base; path = Base.lproj/Main.storyboard; sourceTree = "<group>"; };
		360AA71527F64656007E045C /* MAD_Ind04_karjikar_abdulla.xcdatamodel */ = {isa = PBXFileReference; lastKnownFileType = wrapper.xcdatamodel; path = MAD_Ind04_karjikar_abdulla.xcdatamodel; sourceTree = "<group>"; };
		360AA71727F64657007E045C /* Assets.xcassets */ = {isa = PBXFileReference; lastKnownFileType = folder.assetcatalog; path = Assets.xcassets; sourceTree = "<group>"; };
		360AA71A27F64657007E045C /* Base */ = {isa = PBXFileReference; lastKnownFileType = file.storyboard; name = Base; path = Base.lproj/LaunchScreen.storyboard; sourceTree = "<group>"; };
		360AA71C27F64657007E045C /* Info.plist */ = {isa = PBXFileReference; lastKnownFileType = text.plist.xml; path = Info.plist; sourceTree = "<group>"; };
/* End PBXFileReference section */

/* Begin PBXFrameworksBuildPhase section */
		360AA70527F64656007E045C /* Frameworks */ = {
			isa = PBXFrameworksBuildPhase;
			buildActionMask = 2147483647;
			files = (
			);
			runOnlyForDeploymentPostprocessing = 0;
		};
/* End PBXFrameworksBuildPhase section */

/* Begin PBXGroup section */
		360AA6FF27F64656007E045C = {
			isa = PBXGroup;
			children = (
				360AA70A27F64656007E045C /* MAD_Ind04_karjikar_abdulla */,
				360AA70927F64656007E045C /* Products */,
			);
			sourceTree = "<group>";
		};
		360AA70927F64656007E045C /* Products */ = {
			isa = PBXGroup;
			children = (
				360AA70827F64656007E045C /* MAD_Ind04_karjikar_abdulla.app */,
			);
			name = Products;
			sourceTree = "<group>";
		};
		360AA70A27F64656007E045C /* MAD_Ind04_karjikar_abdulla */ = {
			isa = PBXGroup;
			children = (
				360AA70B27F64656007E045C /* AppDelegate.swift */,
				360AA70D27F64656007E045C /* SceneDelegate.swift */,
				360AA70F27F64656007E045C /* ViewController.swift */,
				360AA71127F64656007E045C /* Main.storyboard */,
				360AA71727F64657007E045C /* Assets.xcassets */,
				360AA71927F64657007E045C /* LaunchScreen.storyboard */,
				360AA71C27F64657007E045C /* Info.plist */,
				360AA71427F64656007E045C /* MAD_Ind04_karjikar_abdulla.xcdatamodeld */,
			);
			path = MAD_Ind04_karjikar_abdulla;
			sourceTree = "<group>";
		};
/* End PBXGroup section */

/* Begin PBXNativeTarget section */
		360AA70727F64656007E045C /* MAD_Ind04_karjikar_abdulla */ = {
			isa = PBXNativeTarget;
			buildConfigurationList = 360AA71F27F64657007E045C /* Build configuration list for PBXNativeTarget "MAD_Ind04_karjikar_abdulla" */;
			buildPhases = (
				360AA70427F64656007E045C /* Sources */,
				360AA70527F64656007E045C /* Frameworks */,
				360AA70627F64656007E045C /* Resources */,
			);
			buildRules = (
			);
			dependencies = (
			);
			name = MAD_Ind04_karjikar_abdulla;
			productName = MAD_Ind04_karjikar_abdulla;
			productReference = 360AA70827F64656007E045C /* MAD_Ind04_karjikar_abdulla.app */;
			productType = "com.apple.product-type.application";
		};
/* End PBXNativeTarget section */

/* Begin PBXProject section */
		360AA70027F64656007E045C /* Project object */ = {
			isa = PBXProject;
			attributes = {
				BuildIndependentTargetsInParallel = 1;
				LastSwiftUpdateCheck = 1320;
				LastUpgradeCheck = 1320;
				TargetAttributes = {
					360AA70727F64656007E045C = {
						CreatedOnToolsVersion = 13.2.1;
					};
				};
			};
			buildConfigurationList = 360AA70327F64656007E045C /* Build configuration list for PBXProject "MAD_Ind04_karjikar_abdulla" */;
			compatibilityVersion = "Xcode 13.0";
			developmentRegion = en;
			hasScannedForEncodings = 0;
			knownRegions = (
				en,
				Base,
			);
			mainGroup = 360AA6FF27F64656007E045C;
			productRefGroup = 360AA70927F64656007E045C /* Products */;
			projectDirPath = "";
			projectRoot = "";
			targets = (
				360AA70727F64656007E045C /* MAD_Ind04_karjikar_abdulla */,
			);
		};
/* End PBXProject section */

/* Begin PBXResourcesBuildPhase section */
		360AA70627F64656007E045C /* Resources */ = {
			isa = PBXResourcesBuildPhase;
			buildActionMask = 2147483647;
			files = (
				360AA71B27F64657007E045C /* LaunchScreen.storyboard in Resources */,
				360AA71827F64657007E045C /* Assets.xcassets in Resources */,
				360AA71327F64656007E045C /* Main.storyboard in Resources */,
			);
			runOnlyForDeploymentPostprocessing = 0;
		};
/* End PBXResourcesBuildPhase section */

/* Begin PBXSourcesBuildPhase section */
		360AA70427F64656007E045C /* Sources */ = {
			isa = PBXSourcesBuildPhase;
			buildActionMask = 2147483647;
			files = (
				360AA71027F64656007E045C /* ViewController.swift in Sources */,
				360AA71627F64656007E045C /* MAD_Ind04_karjikar_abdulla.xcdatamodeld in Sources */,
				360AA70C27F64656007E045C /* AppDelegate.swift in Sources */,
				360AA70E27F64656007E045C /* SceneDelegate.swift in Sources */,
			);
			runOnlyForDeploymentPostprocessing = 0;
		};
/* End PBXSourcesBuildPhase section */

/* Begin PBXVariantGroup section */
		360AA71127F64656007E045C /* Main.storyboard */ = {
			isa = PBXVariantGroup;
			children = (
				360AA71227F64656007E045C /* Base */,
			);
			name = Main.storyboard;
			sourceTree = "<group>";
		};
		360AA71927F64657007E045C /* LaunchScreen.storyboard */ = {
			isa = PBXVariantGroup;
			children = (
				360AA71A27F64657007E045C /* Base */,
			);
			name = LaunchScreen.storyboard;
			sourceTree = "<group>";
		};
/* End PBXVariantGroup section */

/* Begin XCBuildConfiguration section */
		360AA71D27F64657007E045C /* Debug */ = {
			isa = XCBuildConfiguration;
			buildSettings = {
				ALWAYS_SEARCH_USER_PATHS = NO;
				CLANG_ANALYZER_NONNULL = YES;
				CLANG_ANALYZER_NUMBER_OBJECT_CONVERSION = YES_AGGRESSIVE;
				CLANG_CXX_LANGUAGE_STANDARD = "gnu++17";
				CLANG_CXX_LIBRARY = "libc++";
				CLANG_ENABLE_MODULES = YES;
				CLANG_ENABLE_OBJC_ARC = YES;
				CLANG_ENABLE_OBJC_WEAK = YES;
				CLANG_WARN_BLOCK_CAPTURE_AUTORELEASING = YES;
				CLANG_WARN_BOOL_CONVERSION = YES;
				CLANG_WARN_COMMA = YES;
				CLANG_WARN_CONSTANT_CONVERSION = YES;
				CLANG_WARN_DEPRECATED_OBJC_IMPLEMENTATIONS = YES;
				CLANG_WARN_DIRECT_OBJC_ISA_USAGE = YES_ERROR;
				CLANG_WARN_DOCUMENTATION_COMMENTS = YES;
				CLANG_WARN_EMPTY_BODY = YES;
				CLANG_WARN_ENUM_CONVERSION = YES;
				CLANG_WARN_INFINITE_RECURSION = YES;
				CLANG_WARN_INT_CONVERSION = YES;
				CLANG_WARN_NON_LITERAL_NULL_CONVERSION = YES;
				CLANG_WARN_OBJC_IMPLICIT_RETAIN_SELF = YES;
				CLANG_WARN_OBJC_LITERAL_CONVERSION = YES;
				CLANG_WARN_OBJC_ROOT_CLASS = YES_ERROR;
				CLANG_WARN_QUOTED_INCLUDE_IN_FRAMEWORK_HEADER = YES;
				CLANG_WARN_RANGE_LOOP_ANALYSIS = YES;
				CLANG_WARN_STRICT_PROTOTYPES = YES;
				CLANG_WARN_SUSPICIOUS_MOVE = YES;
				CLANG_WARN_UNGUARDED_AVAILABILITY = YES_AGGRESSIVE;
				CLANG_WARN_UNREACHABLE_CODE = YES;
				CLANG_WARN__DUPLICATE_METHOD_MATCH = YES;
				COPY_PHASE_STRIP = NO;
				DEBUG_INFORMATION_FORMAT = dwarf;
				ENABLE_STRICT_OBJC_MSGSEND = YES;
				ENABLE_TESTABILITY = YES;
				GCC_C_LANGUAGE_STANDARD = gnu11;
				GCC_DYNAMIC_NO_PIC = NO;
				GCC_NO_COMMON_BLOCKS = YES;
				GCC_OPTIMIZATION_LEVEL = 0;
				GCC_PREPROCESSOR_DEFINITIONS = (
					"DEBUG=1",
					"$(inherited)",
				);
				GCC_WARN_64_TO_32_BIT_CONVERSION = YES;
				GCC_WARN_ABOUT_RETURN_TYPE = YES_ERROR;
				GCC_WARN_UNDECLARED_SELECTOR = YES;
				GCC_WARN_UNINITIALIZED_AUTOS = YES_AGGRESSIVE;
				GCC_WARN_UNUSED_FUNCTION = YES;
				GCC_WARN_UNUSED_VARIABLE = YES;
				IPHONEOS_DEPLOYMENT_TARGET = 15.2;
				MTL_ENABLE_DEBUG_INFO = INCLUDE_SOURCE;
				MTL_FAST_MATH = YES;
				ONLY_ACTIVE_ARCH = YES;
				SDKROOT = iphoneos;
				SWIFT_ACTIVE_COMPILATION_CONDITIONS = DEBUG;
				SWIFT_OPTIMIZATION_LEVEL = "-Onone";
			};
			name = Debug;
		};
		360AA71E27F64657007E045C /* Release */ = {
			isa = XCBuildConfiguration;
			buildSettings = {
				ALWAYS_SEARCH_USER_PATHS = NO;
				CLANG_ANALYZER_NONNULL = YES;
				CLANG_ANALYZER_NUMBER_OBJECT_CONVERSION = YES_AGGRESSIVE;
				CLANG_CXX_LANGUAGE_STANDARD = "gnu++17";
				CLANG_CXX_LIBRARY = "libc++";
				CLANG_ENABLE_MODULES = YES;
				CLANG_ENABLE_OBJC_ARC = YES;
				CLANG_ENABLE_OBJC_WEAK = YES;
				CLANG_WARN_BLOCK_CAPTURE_AUTORELEASING = YES;
				CLANG_WARN_BOOL_CONVERSION = YES;
				CLANG_WARN_COMMA = YES;
				CLANG_WARN_CONSTANT_CONVERSION = YES;
				CLANG_WARN_DEPRECATED_OBJC_IMPLEMENTATIONS = YES;
				CLANG_WARN_DIRECT_OBJC_ISA_USAGE = YES_ERROR;
				CLANG_WARN_DOCUMENTATION_COMMENTS = YES;
				CLANG_WARN_EMPTY_BODY = YES;
				CLANG_WARN_ENUM_CONVERSION = YES;
				CLANG_WARN_INFINITE_RECURSION = YES;
				CLANG_WARN_INT_CONVERSION = YES;
				CLANG_WARN_NON_LITERAL_NULL_CONVERSION = YES;
				CLANG_WARN_OBJC_IMPLICIT_RETAIN_SELF = YES;
				CLANG_WARN_OBJC_LITERAL_CONVERSION = YES;
				CLANG_WARN_OBJC_ROOT_CLASS = YES_ERROR;
				CLANG_WARN_QUOTED_INCLUDE_IN_FRAMEWORK_HEADER = YES;
				CLANG_WARN_RANGE_LOOP_ANALYSIS = YES;
				CLANG_WARN_STRICT_PROTOTYPES = YES;
				CLANG_WARN_SUSPICIOUS_MOVE = YES;
				CLANG_WARN_UNGUARDED_AVAILABILITY = YES_AGGRESSIVE;
				CLANG_WARN_UNREACHABLE_CODE = YES;
				CLANG_WARN__DUPLICATE_METHOD_MATCH = YES;
				COPY_PHASE_STRIP = NO;
				DEBUG_INFORMATION_FORMAT = "dwarf-with-dsym";
				ENABLE_NS_ASSERTIONS = NO;
				ENABLE_STRICT_OBJC_MSGSEND = YES;
				GCC_C_LANGUAGE_STANDARD = gnu11;
				GCC_NO_COMMON_BLOCKS = YES;
				GCC_WARN_64_TO_32_BIT_CONVERSION = YES;
				GCC_WARN_ABOUT_RETURN_TYPE = YES_ERROR;
				GCC_WARN_UNDECLARED_SELECTOR = YES;
				GCC_WARN_UNINITIALIZED_AUTOS = YES_AGGRESSIVE;
				GCC_WARN_UNUSED_FUNCTION = YES;
				GCC_WARN_UNUSED_VARIABLE = YES;
				IPHONEOS_DEPLOYMENT_TARGET = 15.2;
				MTL_ENABLE_DEBUG_INFO = NO;
				MTL_FAST_MATH = YES;
				SDKROOT = iphoneos;
				SWIFT_COMPILATION_MODE = wholemodule;
				SWIFT_OPTIMIZATION_LEVEL = "-O";
				VALIDATE_PRODUCT = YES;
			};
			name = Release;
		};
		360AA72027F64657007E045C /* Debug */ = {
			isa = XCBuildConfiguration;
			buildSettings = {
				ASSETCATALOG_COMPILER_APPICON_NAME = AppIcon;
				ASSETCATALOG_COMPILER_GLOBAL_ACCENT_COLOR_NAME = AccentColor;
				CODE_SIGN_STYLE = Automatic;
				CURRENT_PROJECT_VERSION = 1;
				DEVELOPMENT_TEAM = 2JMAC9YR3A;
				GENERATE_INFOPLIST_FILE = YES;
				INFOPLIST_FILE = MAD_Ind04_karjikar_abdulla/Info.plist;
				INFOPLIST_KEY_UIApplicationSupportsIndirectInputEvents = YES;
				INFOPLIST_KEY_UILaunchStoryboardName = LaunchScreen;
				INFOPLIST_KEY_UIMainStoryboardFile = Main;
				INFOPLIST_KEY_UISupportedInterfaceOrientations_iPad = "UIInterfaceOrientationPortrait UIInterfaceOrientationPortraitUpsideDown UIInterfaceOrientationLandscapeLeft UIInterfaceOrientationLandscapeRight";
				INFOPLIST_KEY_UISupportedInterfaceOrientations_iPhone = "UIInterfaceOrientationPortrait UIInterfaceOrientationLandscapeLeft UIInterfaceOrientationLandscapeRight";
				LD_RUNPATH_SEARCH_PATHS = (
					"$(inherited)",
					"@executable_path/Frameworks",
				);
				MARKETING_VERSION = 1.0;
				PRODUCT_BUNDLE_IDENTIFIER = "com.mobappdev.MAD-Ind04-karjikar-abdulla";
				PRODUCT_NAME = "$(TARGET_NAME)";
				SWIFT_EMIT_LOC_STRINGS = YES;
				SWIFT_VERSION = 5.0;
				TARGETED_DEVICE_FAMILY = 1;
			};
			name = Debug;
		};
		360AA72127F64657007E045C /* Release */ = {
			isa = XCBuildConfiguration;
			buildSettings = {
				ASSETCATALOG_COMPILER_APPICON_NAME = AppIcon;
				ASSETCATALOG_COMPILER_GLOBAL_ACCENT_COLOR_NAME = AccentColor;
				CODE_SIGN_STYLE = Automatic;
				CURRENT_PROJECT_VERSION = 1;
				DEVELOPMENT_TEAM = 2JMAC9YR3A;
				GENERATE_INFOPLIST_FILE = YES;
				INFOPLIST_FILE = MAD_Ind04_karjikar_abdulla/Info.plist;
				INFOPLIST_KEY_UIApplicationSupportsIndirectInputEvents = YES;
				INFOPLIST_KEY_UILaunchStoryboardName = LaunchScreen;
				INFOPLIST_KEY_UIMainStoryboardFile = Main;
				INFOPLIST_KEY_UISupportedInterfaceOrientations_iPad = "UIInterfaceOrientationPortrait UIInterfaceOrientationPortraitUpsideDown UIInterfaceOrientationLandscapeLeft UIInterfaceOrientationLandscapeRight";
				INFOPLIST_KEY_UISupportedInterfaceOrientations_iPhone = "UIInterfaceOrientationPortrait UIInterfaceOrientationLandscapeLeft UIInterfaceOrientationLandscapeRight";
				LD_RUNPATH_SEARCH_PATHS = (
					"$(inherited)",
					"@executable_path/Frameworks",
				);
				MARKETING_VERSION = 1.0;
				PRODUCT_BUNDLE_IDENTIFIER = "com.mobappdev.MAD-Ind04-karjikar-abdulla";
				PRODUCT_NAME = "$(TARGET_NAME)";
				SWIFT_EMIT_LOC_STRINGS = YES;
				SWIFT_VERSION = 5.0;
				TARGETED_DEVICE_FAMILY = 1;
			};
			name = Release;
		};
/* End XCBuildConfiguration section */

/* Begin XCConfigurationList section */
		360AA70327F64656007E045C /* Build configuration list for PBXProject "MAD_Ind04_karjikar_abdulla" */ = {
			isa = XCConfigurationList;
			buildConfigurations = (
				360AA71D27F64657007E045C /* Debug */,
				360AA71E27F64657007E045C /* Release */,
			);
			defaultConfigurationIsVisible = 0;
			defaultConfigurationName = Release;
		};
		360AA71F27F64657007E045C /* Build configuration list for PBXNativeTarget "MAD_Ind04_karjikar_abdulla" */ = {
			isa = XCConfigurationList;
			buildConfigurations = (
				360AA72027F64657007E045C /* Debug */,
				360AA72127F64657007E045C /* Release */,
			);
			defaultConfigurationIsVisible = 0;
			defaultConfigurationName = Release;
		};
/* End XCConfigurationList section */

/* Begin XCVersionGroup section */
		360AA71427F64656007E045C /* MAD_Ind04_karjikar_abdulla.xcdatamodeld */ = {
			isa = XCVersionGroup;
			children = (
				360AA71527F64656007E045C /* MAD_Ind04_karjikar_abdulla.xcdatamodel */,
			);
			currentVersion = 360AA71527F64656007E045C /* MAD_Ind04_karjikar_abdulla.xcdatamodel */;
			path = MAD_Ind04_karjikar_abdulla.xcdatamodeld;
			sourceTree = "<group>";
			versionGroupType = wrapper.xcdatamodel;
		};
/* End XCVersionGroup section */
	};
	rootObject = 360AA70027F64656007E045C /* Project object */;
}
